// !$*UTF8*$!
{
	archiveVersion = 1;
	classes = {
	};
	objectVersion = 46;
	objects = {

/* Begin PBXBuildFile section */
		E93B319719987DB200D9DBF7 /* Foundation.framework in Frameworks */ = {isa = PBXBuildFile; fileRef = E93B319619987DB200D9DBF7 /* Foundation.framework */; };
		E93B319919987DB200D9DBF7 /* CoreGraphics.framework in Frameworks */ = {isa = PBXBuildFile; fileRef = E93B319819987DB200D9DBF7 /* CoreGraphics.framework */; };
		E93B319B19987DB200D9DBF7 /* UIKit.framework in Frameworks */ = {isa = PBXBuildFile; fileRef = E93B319A19987DB200D9DBF7 /* UIKit.framework */; };
		E93B31A119987DB200D9DBF7 /* InfoPlist.strings in Resources */ = {isa = PBXBuildFile; fileRef = E93B319F19987DB200D9DBF7 /* InfoPlist.strings */; };
		E93B31A319987DB200D9DBF7 /* main.m in Sources */ = {isa = PBXBuildFile; fileRef = E93B31A219987DB200D9DBF7 /* main.m */; };
		E93B31A719987DB200D9DBF7 /* AppDelegate.m in Sources */ = {isa = PBXBuildFile; fileRef = E93B31A619987DB200D9DBF7 /* AppDelegate.m */; };
		E93B31A919987DB200D9DBF7 /* Images.xcassets in Resources */ = {isa = PBXBuildFile; fileRef = E93B31A819987DB200D9DBF7 /* Images.xcassets */; };
		E93B31B019987DB200D9DBF7 /* XCTest.framework in Frameworks */ = {isa = PBXBuildFile; fileRef = E93B31AF19987DB200D9DBF7 /* XCTest.framework */; };
		E93B31B119987DB200D9DBF7 /* Foundation.framework in Frameworks */ = {isa = PBXBuildFile; fileRef = E93B319619987DB200D9DBF7 /* Foundation.framework */; };
		E93B31B219987DB200D9DBF7 /* UIKit.framework in Frameworks */ = {isa = PBXBuildFile; fileRef = E93B319A19987DB200D9DBF7 /* UIKit.framework */; };
		E93B31BA19987DB200D9DBF7 /* InfoPlist.strings in Resources */ = {isa = PBXBuildFile; fileRef = E93B31B819987DB200D9DBF7 /* InfoPlist.strings */; };
		E93B31BC19987DB200D9DBF7 /* firsttryTests.m in Sources */ = {isa = PBXBuildFile; fileRef = E93B31BB19987DB200D9DBF7 /* firsttryTests.m */; };
		E93B31C619988A6900D9DBF7 /* main.storyboard in Resources */ = {isa = PBXBuildFile; fileRef = E93B31C519988A6900D9DBF7 /* main.storyboard */; };
		E9AC496319D4A90C00E7C5FF /* XYZAddToDoItemViewController.m in Sources */ = {isa = PBXBuildFile; fileRef = E9AC496219D4A90C00E7C5FF /* XYZAddToDoItemViewController.m */; };
		E9AC496619D4AAC300E7C5FF /* XYZToDoListTableViewController.m in Sources */ = {isa = PBXBuildFile; fileRef = E9AC496519D4AAC300E7C5FF /* XYZToDoListTableViewController.m */; };
		E9AC496919D4DFCD00E7C5FF /* XYZToDoItem.m in Sources */ = {isa = PBXBuildFile; fileRef = E9AC496819D4DFCD00E7C5FF /* XYZToDoItem.m */; };
/* End PBXBuildFile section */

/* Begin PBXContainerItemProxy section */
		E93B31B319987DB200D9DBF7 /* PBXContainerItemProxy */ = {
			isa = PBXContainerItemProxy;
			containerPortal = E93B318B19987DB200D9DBF7 /* Project object */;
			proxyType = 1;
			remoteGlobalIDString = E93B319219987DB200D9DBF7;
			remoteInfo = firsttry;
		};
/* End PBXContainerItemProxy section */

/* Begin PBXFileReference section */
		E93B319319987DB200D9DBF7 /* firsttry.app */ = {isa = PBXFileReference; explicitFileType = wrapper.application; includeInIndex = 0; path = firsttry.app; sourceTree = BUILT_PRODUCTS_DIR; };
		E93B319619987DB200D9DBF7 /* Foundation.framework */ = {isa = PBXFileReference; lastKnownFileType = wrapper.framework; name = Foundation.framework; path = System/Library/Frameworks/Foundation.framework; sourceTree = SDKROOT; };
		E93B319819987DB200D9DBF7 /* CoreGraphics.framework */ = {isa = PBXFileReference; lastKnownFileType = wrapper.framework; name = CoreGraphics.framework; path = System/Library/Frameworks/CoreGraphics.framework; sourceTree = SDKROOT; };
		E93B319A19987DB200D9DBF7 /* UIKit.framework */ = {isa = PBXFileReference; lastKnownFileType = wrapper.framework; name = UIKit.framework; path = System/Library/Frameworks/UIKit.framework; sourceTree = SDKROOT; };
		E93B319E19987DB200D9DBF7 /* firsttry-Info.plist */ = {isa = PBXFileReference; lastKnownFileType = text.plist.xml; path = "firsttry-Info.plist"; sourceTree = "<group>"; };
		E93B31A019987DB200D9DBF7 /* en */ = {isa = PBXFileReference; lastKnownFileType = text.plist.strings; name = en; path = en.lproj/InfoPlist.strings; sourceTree = "<group>"; };
		E93B31A219987DB200D9DBF7 /* main.m */ = {isa = PBXFileReference; lastKnownFileType = sourcecode.c.objc; path = main.m; sourceTree = "<group>"; };
		E93B31A419987DB200D9DBF7 /* firsttry-Prefix.pch */ = {isa = PBXFileReference; lastKnownFileType = sourcecode.c.h; path = "firsttry-Prefix.pch"; sourceTree = "<group>"; };
		E93B31A519987DB200D9DBF7 /* AppDelegate.h */ = {isa = PBXFileReference; lastKnownFileType = sourcecode.c.h; path = AppDelegate.h; sourceTree = "<group>"; };
		E93B31A619987DB200D9DBF7 /* AppDelegate.m */ = {isa = PBXFileReference; lastKnownFileType = sourcecode.c.objc; path = AppDelegate.m; sourceTree = "<group>"; };
		E93B31A819987DB200D9DBF7 /* Images.xcassets */ = {isa = PBXFileReference; lastKnownFileType = folder.assetcatalog; path = Images.xcassets; sourceTree = "<group>"; };
		E93B31AE19987DB200D9DBF7 /* firsttryTests.xctest */ = {isa = PBXFileReference; explicitFileType = wrapper.cfbundle; includeInIndex = 0; path = firsttryTests.xctest; sourceTree = BUILT_PRODUCTS_DIR; };
		E93B31AF19987DB200D9DBF7 /* XCTest.framework */ = {isa = PBXFileReference; lastKnownFileType = wrapper.framework; name = XCTest.framework; path = Library/Frameworks/XCTest.framework; sourceTree = DEVELOPER_DIR; };
		E93B31B719987DB200D9DBF7 /* firsttryTests-Info.plist */ = {isa = PBXFileReference; lastKnownFileType = text.plist.xml; path = "firsttryTests-Info.plist"; sourceTree = "<group>"; };
		E93B31B919987DB200D9DBF7 /* en */ = {isa = PBXFileReference; lastKnownFileType = text.plist.strings; name = en; path = en.lproj/InfoPlist.strings; sourceTree = "<group>"; };
		E93B31BB19987DB200D9DBF7 /* firsttryTests.m */ = {isa = PBXFileReference; lastKnownFileType = sourcecode.c.objc; path = firsttryTests.m; sourceTree = "<group>"; };
		E93B31C519988A6900D9DBF7 /* main.storyboard */ = {isa = PBXFileReference; fileEncoding = 4; lastKnownFileType = file.storyboard; path = main.storyboard; sourceTree = "<group>"; };
		E9AC496119D4A90C00E7C5FF /* XYZAddToDoItemViewController.h */ = {isa = PBXFileReference; fileEncoding = 4; lastKnownFileType = sourcecode.c.h; path = XYZAddToDoItemViewController.h; sourceTree = "<group>"; };
		E9AC496219D4A90C00E7C5FF /* XYZAddToDoItemViewController.m */ = {isa = PBXFileReference; fileEncoding = 4; lastKnownFileType = sourcecode.c.objc; path = XYZAddToDoItemViewController.m; sourceTree = "<group>"; };
		E9AC496419D4AAC300E7C5FF /* XYZToDoListTableViewController.h */ = {isa = PBXFileReference; fileEncoding = 4; lastKnownFileType = sourcecode.c.h; path = XYZToDoListTableViewController.h; sourceTree = "<group>"; };
		E9AC496519D4AAC300E7C5FF /* XYZToDoListTableViewController.m */ = {isa = PBXFileReference; fileEncoding = 4; lastKnownFileType = sourcecode.c.objc; path = XYZToDoListTableViewController.m; sourceTree = "<group>"; };
		E9AC496719D4DFCD00E7C5FF /* XYZToDoItem.h */ = {isa = PBXFileReference; fileEncoding = 4; lastKnownFileType = sourcecode.c.h; path = XYZToDoItem.h; sourceTree = "<group>"; };
		E9AC496819D4DFCD00E7C5FF /* XYZToDoItem.m */ = {isa = PBXFileReference; fileEncoding = 4; lastKnownFileType = sourcecode.c.objc; path = XYZToDoItem.m; sourceTree = "<group>"; };
/* End PBXFileReference section */

/* Begin PBXFrameworksBuildPhase section */
		E93B319019987DB200D9DBF7 /* Frameworks */ = {
			isa = PBXFrameworksBuildPhase;
			buildActionMask = 2147483647;
			files = (
				E93B319919987DB200D9DBF7 /* CoreGraphics.framework in Frameworks */,
				E93B319B19987DB200D9DBF7 /* UIKit.framework in Frameworks */,
				E93B319719987DB200D9DBF7 /* Foundation.framework in Frameworks */,
			);
			runOnlyForDeploymentPostprocessing = 0;
		};
		E93B31AB19987DB200D9DBF7 /* Frameworks */ = {
			isa = PBXFrameworksBuildPhase;
			buildActionMask = 2147483647;
			files = (
				E93B31B019987DB200D9DBF7 /* XCTest.framework in Frameworks */,
				E93B31B219987DB200D9DBF7 /* UIKit.framework in Frameworks */,
				E93B31B119987DB200D9DBF7 /* Foundation.framework in Frameworks */,
			);
			runOnlyForDeploymentPostprocessing = 0;
		};
/* End PBXFrameworksBuildPhase section */

/* Begin PBXGroup section */
		E93B318A19987DB200D9DBF7 = {
			isa = PBXGroup;
			children = (
				E9AC496719D4DFCD00E7C5FF /* XYZToDoItem.h */,
				E9AC496819D4DFCD00E7C5FF /* XYZToDoItem.m */,
				E93B319C19987DB200D9DBF7 /* firsttry */,
				E93B31B519987DB200D9DBF7 /* firsttryTests */,
				E93B319519987DB200D9DBF7 /* Frameworks */,
				E93B319419987DB200D9DBF7 /* Products */,
			);
			sourceTree = "<group>";
		};
		E93B319419987DB200D9DBF7 /* Products */ = {
			isa = PBXGroup;
			children = (
				E93B319319987DB200D9DBF7 /* firsttry.app */,
				E93B31AE19987DB200D9DBF7 /* firsttryTests.xctest */,
			);
			name = Products;
			sourceTree = "<group>";
		};
		E93B319519987DB200D9DBF7 /* Frameworks */ = {
			isa = PBXGroup;
			children = (
				E93B319619987DB200D9DBF7 /* Foundation.framework */,
				E93B319819987DB200D9DBF7 /* CoreGraphics.framework */,
				E93B319A19987DB200D9DBF7 /* UIKit.framework */,
				E93B31AF19987DB200D9DBF7 /* XCTest.framework */,
			);
			name = Frameworks;
			sourceTree = "<group>";
		};
		E93B319C19987DB200D9DBF7 /* firsttry */ = {
			isa = PBXGroup;
			children = (
				E93B31A519987DB200D9DBF7 /* AppDelegate.h */,
				E93B31A619987DB200D9DBF7 /* AppDelegate.m */,
				E93B31C519988A6900D9DBF7 /* main.storyboard */,
				E9AC496419D4AAC300E7C5FF /* XYZToDoListTableViewController.h */,
				E9AC496519D4AAC300E7C5FF /* XYZToDoListTableViewController.m */,
				E9AC496119D4A90C00E7C5FF /* XYZAddToDoItemViewController.h */,
				E9AC496219D4A90C00E7C5FF /* XYZAddToDoItemViewController.m */,
				E93B31A819987DB200D9DBF7 /* Images.xcassets */,
				E93B319D19987DB200D9DBF7 /* Supporting Files */,
			);
			path = firsttry;
			sourceTree = "<group>";
		};
		E93B319D19987DB200D9DBF7 /* Supporting Files */ = {
			isa = PBXGroup;
			children = (
				E93B319E19987DB200D9DBF7 /* firsttry-Info.plist */,
				E93B319F19987DB200D9DBF7 /* InfoPlist.strings */,
				E93B31A219987DB200D9DBF7 /* main.m */,
				E93B31A419987DB200D9DBF7 /* firsttry-Prefix.pch */,
			);
			name = "Supporting Files";
			sourceTree = "<group>";
		};
		E93B31B519987DB200D9DBF7 /* firsttryTests */ = {
			isa = PBXGroup;
			children = (
				E93B31BB19987DB200D9DBF7 /* firsttryTests.m */,
				E93B31B619987DB200D9DBF7 /* Supporting Files */,
			);
			path = firsttryTests;
			sourceTree = "<group>";
		};
		E93B31B619987DB200D9DBF7 /* Supporting Files */ = {
			isa = PBXGroup;
			children = (
				E93B31B719987DB200D9DBF7 /* firsttryTests-Info.plist */,
				E93B31B819987DB200D9DBF7 /* InfoPlist.strings */,
			);
			name = "Supporting Files";
			sourceTree = "<group>";
		};
/* End PBXGroup section */

/* Begin PBXNativeTarget section */
		E93B319219987DB200D9DBF7 /* firsttry */ = {
			isa = PBXNativeTarget;
			buildConfigurationList = E93B31BF19987DB200D9DBF7 /* Build configuration list for PBXNativeTarget "firsttry" */;
			buildPhases = (
				E93B318F19987DB200D9DBF7 /* Sources */,
				E93B319019987DB200D9DBF7 /* Frameworks */,
				E93B319119987DB200D9DBF7 /* Resources */,
			);
			buildRules = (
			);
			dependencies = (
			);
			name = firsttry;
			productName = firsttry;
			productReference = E93B319319987DB200D9DBF7 /* firsttry.app */;
			productType = "com.apple.product-type.application";
		};
		E93B31AD19987DB200D9DBF7 /* firsttryTests */ = {
			isa = PBXNativeTarget;
			buildConfigurationList = E93B31C219987DB200D9DBF7 /* Build configuration list for PBXNativeTarget "firsttryTests" */;
			buildPhases = (
				E93B31AA19987DB200D9DBF7 /* Sources */,
				E93B31AB19987DB200D9DBF7 /* Frameworks */,
				E93B31AC19987DB200D9DBF7 /* Resources */,
			);
			buildRules = (
			);
			dependencies = (
				E93B31B419987DB200D9DBF7 /* PBXTargetDependency */,
			);
			name = firsttryTests;
			productName = firsttryTests;
			productReference = E93B31AE19987DB200D9DBF7 /* firsttryTests.xctest */;
			productType = "com.apple.product-type.bundle.unit-test";
		};
/* End PBXNativeTarget section */

/* Begin PBXProject section */
		E93B318B19987DB200D9DBF7 /* Project object */ = {
			isa = PBXProject;
			attributes = {
				LastUpgradeCheck = 0510;
				ORGANIZATIONNAME = "___FULLUSERNAME___";
				TargetAttributes = {
					E93B31AD19987DB200D9DBF7 = {
						TestTargetID = E93B319219987DB200D9DBF7;
					};
				};
			};
			buildConfigurationList = E93B318E19987DB200D9DBF7 /* Build configuration list for PBXProject "firsttry" */;
			compatibilityVersion = "Xcode 3.2";
			developmentRegion = English;
			hasScannedForEncodings = 0;
			knownRegions = (
				en,
			);
			mainGroup = E93B318A19987DB200D9DBF7;
			productRefGroup = E93B319419987DB200D9DBF7 /* Products */;
			projectDirPath = "";
			projectRoot = "";
			targets = (
				E93B319219987DB200D9DBF7 /* firsttry */,
				E93B31AD19987DB200D9DBF7 /* firsttryTests */,
			);
		};
/* End PBXProject section */

/* Begin PBXResourcesBuildPhase section */
		E93B319119987DB200D9DBF7 /* Resources */ = {
			isa = PBXResourcesBuildPhase;
			buildActionMask = 2147483647;
			files = (
				E93B31A119987DB200D9DBF7 /* InfoPlist.strings in Resources */,
				E93B31C619988A6900D9DBF7 /* main.storyboard in Resources */,
				E93B31A919987DB200D9DBF7 /* Images.xcassets in Resources */,
			);
			runOnlyForDeploymentPostprocessing = 0;
		};
		E93B31AC19987DB200D9DBF7 /* Resources */ = {
			isa = PBXResourcesBuildPhase;
			buildActionMask = 2147483647;
			files = (
				E93B31BA19987DB200D9DBF7 /* InfoPlist.strings in Resources */,
			);
			runOnlyForDeploymentPostprocessing = 0;
		};
/* End PBXResourcesBuildPhase section */

/* Begin PBXSourcesBuildPhase section */
		E93B318F19987DB200D9DBF7 /* Sources */ = {
			isa = PBXSourcesBuildPhase;
			buildActionMask = 2147483647;
			files = (
				E93B31A719987DB200D9DBF7 /* AppDelegate.m in Sources */,
				E9AC496919D4DFCD00E7C5FF /* XYZToDoItem.m in Sources */,
				E93B31A319987DB200D9DBF7 /* main.m in Sources */,
				E9AC496619D4AAC300E7C5FF /* XYZToDoListTableViewController.m in Sources */,
				E9AC496319D4A90C00E7C5FF /* XYZAddToDoItemViewController.m in Sources */,
			);
			runOnlyForDeploymentPostprocessing = 0;
		};
		E93B31AA19987DB200D9DBF7 /* Sources */ = {
			isa = PBXSourcesBuildPhase;
			buildActionMask = 2147483647;
			files = (
				E93B31BC19987DB200D9DBF7 /* firsttryTests.m in Sources */,
			);
			runOnlyForDeploymentPostprocessing = 0;
		};
/* End PBXSourcesBuildPhase section */

/* Begin PBXTargetDependency section */
		E93B31B419987DB200D9DBF7 /* PBXTargetDependency */ = {
			isa = PBXTargetDependency;
			target = E93B319219987DB200D9DBF7 /* firsttry */;
			targetProxy = E93B31B319987DB200D9DBF7 /* PBXContainerItemProxy */;
		};
/* End PBXTargetDependency section */

/* Begin PBXVariantGroup section */
		E93B319F19987DB200D9DBF7 /* InfoPlist.strings */ = {
			isa = PBXVariantGroup;
			children = (
				E93B31A019987DB200D9DBF7 /* en */,
			);
			name = InfoPlist.strings;
			sourceTree = "<group>";
		};
		E93B31B819987DB200D9DBF7 /* InfoPlist.strings */ = {
			isa = PBXVariantGroup;
			children = (
				E93B31B919987DB200D9DBF7 /* en */,
			);
			name = InfoPlist.strings;
			sourceTree = "<group>";
		};
/* End PBXVariantGroup section */

/* Begin XCBuildConfiguration section */
		E93B31BD19987DB200D9DBF7 /* Debug */ = {
			isa = XCBuildConfiguration;
			buildSettings = {
				ALWAYS_SEARCH_USER_PATHS = NO;
				CLANG_CXX_LANGUAGE_STANDARD = "gnu++0x";
				CLANG_CXX_LIBRARY = "libc++";
				CLANG_ENABLE_MODULES = YES;
				CLANG_ENABLE_OBJC_ARC = YES;
				CLANG_WARN_BOOL_CONVERSION = YES;
				CLANG_WARN_CONSTANT_CONVERSION = YES;
				CLANG_WARN_DIRECT_OBJC_ISA_USAGE = YES_ERROR;
				CLANG_WARN_EMPTY_BODY = YES;
				CLANG_WARN_ENUM_CONVERSION = YES;
				CLANG_WARN_INT_CONVERSION = YES;
				CLANG_WARN_OBJC_ROOT_CLASS = YES_ERROR;
				CLANG_WARN__DUPLICATE_METHOD_MATCH = YES;
				"CODE_SIGN_IDENTITY[sdk=iphoneos*]" = "iPhone Developer";
				COPY_PHASE_STRIP = NO;
				GCC_C_LANGUAGE_STANDARD = gnu99;
				GCC_DYNAMIC_NO_PIC = NO;
				GCC_OPTIMIZATION_LEVEL = 0;
				GCC_PREPROCESSOR_DEFINITIONS = (
					"DEBUG=1",
					"$(inherited)",
				);
				GCC_SYMBOLS_PRIVATE_EXTERN = NO;
				GCC_WARN_64_TO_32_BIT_CONVERSION = YES;
				GCC_WARN_ABOUT_RETURN_TYPE = YES_ERROR;
				GCC_WARN_UNDECLARED_SELECTOR = YES;
				GCC_WARN_UNINITIALIZED_AUTOS = YES_AGGRESSIVE;
				GCC_WARN_UNUSED_FUNCTION = YES;
				GCC_WARN_UNUSED_VARIABLE = YES;
				IPHONEOS_DEPLOYMENT_TARGET = 7.1;
				ONLY_ACTIVE_ARCH = YES;
				SDKROOT = iphoneos;
				TARGETED_DEVICE_FAMILY = 2;
			};
			name = Debug;
		};
		E93B31BE19987DB200D9DBF7 /* Release */ = {
			isa = XCBuildConfiguration;
			buildSettings = {
				ALWAYS_SEARCH_USER_PATHS = NO;
				CLANG_CXX_LANGUAGE_STANDARD = "gnu++0x";
				CLANG_CXX_LIBRARY = "libc++";
				CLANG_ENABLE_MODULES = YES;
				CLANG_ENABLE_OBJC_ARC = YES;
				CLANG_WARN_BOOL_CONVERSION = YES;
				CLANG_WARN_CONSTANT_CONVERSION = YES;
				CLANG_WARN_DIRECT_OBJC_ISA_USAGE = YES_ERROR;
				CLANG_WARN_EMPTY_BODY = YES;
				CLANG_WARN_ENUM_CONVERSION = YES;
				CLANG_WARN_INT_CONVERSION = YES;
				CLANG_WARN_OBJC_ROOT_CLASS = YES_ERROR;
				CLANG_WARN__DUPLICATE_METHOD_MATCH = YES;
				"CODE_SIGN_IDENTITY[sdk=iphoneos*]" = "iPhone Developer";
				COPY_PHASE_STRIP = YES;
				ENABLE_NS_ASSERTIONS = NO;
				GCC_C_LANGUAGE_STANDARD = gnu99;
				GCC_WARN_64_TO_32_BIT_CONVERSION = YES;
				GCC_WARN_ABOUT_RETURN_TYPE = YES_ERROR;
				GCC_WARN_UNDECLARED_SELECTOR = YES;
				GCC_WARN_UNINITIALIZED_AUTOS = YES_AGGRESSIVE;
				GCC_WARN_UNUSED_FUNCTION = YES;
				GCC_WARN_UNUSED_VARIABLE = YES;
				IPHONEOS_DEPLOYMENT_TARGET = 7.1;
				SDKROOT = iphoneos;
				TARGETED_DEVICE_FAMILY = 2;
				VALIDATE_PRODUCT = YES;
			};
			name = Release;
		};
		E93B31C019987DB200D9DBF7 /* Debug */ = {
			isa = XCBuildConfiguration;
			buildSettings = {
				ASSETCATALOG_COMPILER_APPICON_NAME = AppIcon;
				ASSETCATALOG_COMPILER_LAUNCHIMAGE_NAME = LaunchImage;
				GCC_PRECOMPILE_PREFIX_HEADER = YES;
				GCC_PREFIX_HEADER = "firsttry/firsttry-Prefix.pch";
				INFOPLIST_FILE = "firsttry/firsttry-Info.plist";
				IPHONEOS_DEPLOYMENT_TARGET = 6.0;
				PRODUCT_NAME = "$(TARGET_NAME)";
				WRAPPER_EXTENSION = app;
			};
			name = Debug;
		};
		E93B31C119987DB200D9DBF7 /* Release */ = {
			isa = XCBuildConfiguration;
			buildSettings = {
				ASSETCATALOG_COMPILER_APPICON_NAME = AppIcon;
				ASSETCATALOG_COMPILER_LAUNCHIMAGE_NAME = LaunchImage;
				GCC_PRECOMPILE_PREFIX_HEADER = YES;
				GCC_PREFIX_HEADER = "firsttry/firsttry-Prefix.pch";
				INFOPLIST_FILE = "firsttry/firsttry-Info.plist";
				IPHONEOS_DEPLOYMENT_TARGET = 6.0;
				PRODUCT_NAME = "$(TARGET_NAME)";
				WRAPPER_EXTENSION = app;
			};
			name = Release;
		};
		E93B31C319987DB200D9DBF7 /* Debug */ = {
			isa = XCBuildConfiguration;
			buildSettings = {
				BUNDLE_LOADER = "$(BUILT_PRODUCTS_DIR)/firsttry.app/firsttry";
				FRAMEWORK_SEARCH_PATHS = (
					"$(SDKROOT)/Developer/Library/Frameworks",
					"$(inherited)",
					"$(DEVELOPER_FRAMEWORKS_DIR)",
				);
				GCC_PRECOMPILE_PREFIX_HEADER = YES;
				GCC_PREFIX_HEADER = "firsttry/firsttry-Prefix.pch";
				GCC_PREPROCESSOR_DEFINITIONS = (
					"DEBUG=1",
					"$(inherited)",
				);
				INFOPLIST_FILE = "firsttryTests/firsttryTests-Info.plist";
				PRODUCT_NAME = "$(TARGET_NAME)";
				TEST_HOST = "$(BUNDLE_LOADER)";
				WRAPPER_EXTENSION = xctest;
			};
			name = Debug;
		};
		E93B31C419987DB200D9DBF7 /* Release */ = {
			isa = XCBuildConfiguration;
			buildSettings = {
				BUNDLE_LOADER = "$(BUILT_PRODUCTS_DIR)/firsttry.app/firsttry";
				FRAMEWORK_SEARCH_PATHS = (
					"$(SDKROOT)/Developer/Library/Frameworks",
					"$(inherited)",
					"$(DEVELOPER_FRAMEWORKS_DIR)",
				);
				GCC_PRECOMPILE_PREFIX_HEADER = YES;
				GCC_PREFIX_HEADER = "firsttry/firsttry-Prefix.pch";
				INFOPLIST_FILE = "firsttryTests/firsttryTests-Info.plist";
				PRODUCT_NAME = "$(TARGET_NAME)";
				TEST_HOST = "$(BUNDLE_LOADER)";
				WRAPPER_EXTENSION = xctest;
			};
			name = Release;
		};
/* End XCBuildConfiguration section */

/* Begin XCConfigurationList section */
		E93B318E19987DB200D9DBF7 /* Build configuration list for PBXProject "firsttry" */ = {
			isa = XCConfigurationList;
			buildConfigurations = (
				E93B31BD19987DB200D9DBF7 /* Debug */,
				E93B31BE19987DB200D9DBF7 /* Release */,
			);
			defaultConfigurationIsVisible = 0;
			defaultConfigurationName = Release;
		};
		E93B31BF19987DB200D9DBF7 /* Build configuration list for PBXNativeTarget "firsttry" */ = {
			isa = XCConfigurationList;
			buildConfigurations = (
				E93B31C019987DB200D9DBF7 /* Debug */,
				E93B31C119987DB200D9DBF7 /* Release */,
			);
			defaultConfigurationIsVisible = 0;
			defaultConfigurationName = Release;
		};
		E93B31C219987DB200D9DBF7 /* Build configuration list for PBXNativeTarget "firsttryTests" */ = {
			isa = XCConfigurationList;
			buildConfigurations = (
				E93B31C319987DB200D9DBF7 /* Debug */,
				E93B31C419987DB200D9DBF7 /* Release */,
			);
			defaultConfigurationIsVisible = 0;
			defaultConfigurationName = Release;
		};
/* End XCConfigurationList section */
	};
	rootObject = E93B318B19987DB200D9DBF7 /* Project object */;
}
